
Microsoft Visual Studio Solution File, Format Version 12.00
# Visual Studio Version 17
VisualStudioVersion = 17.9.34701.34
MinimumVisualStudioVersion = 10.0.40219.1
Project("{9A19103F-16F7-4668-BE54-9A1E7A4F7556}") = "goFish", "goFish.csproj", "{F1F094B1-8A93-4562-B864-AA247A248259}"
EndProject
Project("{9A19103F-16F7-4668-BE54-9A1E7A4F7556}") = "goFish.Android", "..\goFish.Android\goFish.Android.csproj", "{0264D99B-E11C-4BEE-AFDC-1A3EC9CE21D6}"
EndProject
Project("{9A19103F-16F7-4668-BE54-9A1E7A4F7556}") = "goFish.Desktop", "..\goFish.Desktop\goFish.Desktop.csproj", "{E83C3C50-7D4F-4C58-A670-577EF9021911}"
EndProject
Project("{9A19103F-16F7-4668-BE54-9A1E7A4F7556}") = "goFish.iOS", "..\goFish.iOS\goFish.iOS.csproj", "{699FBDB9-CC81-448D-BD41-FE6EA0250D07}"
EndProject
Project("{9A19103F-16F7-4668-BE54-9A1E7A4F7556}") = "goFish.Browser", "..\goFish.Browser\goFish.Browser.csproj", "{24054F26-BDA6-4610-8FA9-9AF6622C350A}"
EndProject
Global
	GlobalSection(SolutionConfigurationPlatforms) = preSolution
		Debug|Any CPU = Debug|Any CPU
		Release|Any CPU = Release|Any CPU
	EndGlobalSection
	GlobalSection(ProjectConfigurationPlatforms) = postSolution
		{F1F094B1-8A93-4562-B864-AA247A248259}.Debug|Any CPU.ActiveCfg = Debug|Any CPU
		{F1F094B1-8A93-4562-B864-AA247A248259}.Debug|Any CPU.Build.0 = Debug|Any CPU
		{F1F094B1-8A93-4562-B864-AA247A248259}.Release|Any CPU.ActiveCfg = Release|Any CPU
		{F1F094B1-8A93-4562-B864-AA247A248259}.Release|Any CPU.Build.0 = Release|Any CPU
		{0264D99B-E11C-4BEE-AFDC-1A3EC9CE21D6}.Debug|Any CPU.ActiveCfg = Debug|Any CPU
		{0264D99B-E11C-4BEE-AFDC-1A3EC9CE21D6}.Debug|Any CPU.Build.0 = Debug|Any CPU
		{0264D99B-E11C-4BEE-AFDC-1A3EC9CE21D6}.Release|Any CPU.ActiveCfg = Release|Any CPU
		{0264D99B-E11C-4BEE-AFDC-1A3EC9CE21D6}.Release|Any CPU.Build.0 = Release|Any CPU
		{E83C3C50-7D4F-4C58-A670-577EF9021911}.Debug|Any CPU.ActiveCfg = Debug|Any CPU
		{E83C3C50-7D4F-4C58-A670-577EF9021911}.Debug|Any CPU.Build.0 = Debug|Any CPU
		{E83C3C50-7D4F-4C58-A670-577EF9021911}.Release|Any CPU.ActiveCfg = Release|Any CPU
		{E83C3C50-7D4F-4C58-A670-577EF9021911}.Release|Any CPU.Build.0 = Release|Any CPU
		{699FBDB9-CC81-448D-BD41-FE6EA0250D07}.Debug|Any CPU.ActiveCfg = Debug|Any CPU
		{699FBDB9-CC81-448D-BD41-FE6EA0250D07}.Debug|Any CPU.Build.0 = Debug|Any CPU
		{699FBDB9-CC81-448D-BD41-FE6EA0250D07}.Release|Any CPU.ActiveCfg = Release|Any CPU
		{699FBDB9-CC81-448D-BD41-FE6EA0250D07}.Release|Any CPU.Build.0 = Release|Any CPU
		{24054F26-BDA6-4610-8FA9-9AF6622C350A}.Debug|Any CPU.ActiveCfg = Debug|Any CPU
		{24054F26-BDA6-4610-8FA9-9AF6622C350A}.Debug|Any CPU.Build.0 = Debug|Any CPU
		{24054F26-BDA6-4610-8FA9-9AF6622C350A}.Release|Any CPU.ActiveCfg = Release|Any CPU
		{24054F26-BDA6-4610-8FA9-9AF6622C350A}.Release|Any CPU.Build.0 = Release|Any CPU
	EndGlobalSection
	GlobalSection(SolutionProperties) = preSolution
		HideSolutionNode = FALSE
	EndGlobalSection
	GlobalSection(ExtensibilityGlobals) = postSolution
		SolutionGuid = {46E533AC-6C31-4513-A45E-FE94D07EFD61}
	EndGlobalSection
EndGlobal
